<?xml version="1.0" encoding="utf-8"?>
<Project ToolsVersion="4.0" xmlns="http://schemas.microsoft.com/developer/msbuild/2003">
  <ItemGroup>
    <Filter Include="Source Files">
      <UniqueIdentifier>{4FC737F1-C7A5-4376-A066-2A32D752A2FF}</UniqueIdentifier>
      <Extensions>cpp;c;cc;cxx;c++;cppm;ixx;def;odl;idl;hpj;bat;asm;asmx</Extensions>
    </Filter>
    <Filter Include="Header Files">
      <UniqueIdentifier>{93995380-89BD-4b04-88EB-625FBE52EBFB}</UniqueIdentifier>
      <Extensions>h;hh;hpp;hxx;h++;hm;inl;inc;ipp;xsd</Extensions>
    </Filter>
    <Filter Include="Resource Files">
      <UniqueIdentifier>{67DA6AB6-F800-4c08-8B7A-83BB121AAD01}</UniqueIdentifier>
      <Extensions>rc;ico;cur;bmp;dlg;rc2;rct;bin;rgs;gif;jpg;jpeg;jpe;resx;tiff;tif;png;wav;mfcribbon-ms</Extensions>
    </Filter>
    <Filter Include="Source Files\Main">
      <UniqueIdentifier>{b9cc23c2-20d8-42c5-ac14-b0e8a1d53eab}</UniqueIdentifier>
    </Filter>
    <Filter Include="Source Files\Game">
      <UniqueIdentifier>{054ef627-7c11-414f-aa25-4e6edba41a2d}</UniqueIdentifier>
    </Filter>
    <Filter Include="Source Files\Graphics Settings">
      <UniqueIdentifier>{32336e65-b4cb-4b3f-974f-2518fddbb7f0}</UniqueIdentifier>
    </Filter>
    <Filter Include="Resource Files\Config">
      <UniqueIdentifier>{5e2e130b-b680-4f51-a202-5fd3c7411245}</UniqueIdentifier>
    </Filter>
    <Filter Include="Resource Files\Config\Supported Keys">
      <UniqueIdentifier>{6064e94c-2de9-4f59-8733-a99e469d1ef5}</UniqueIdentifier>
    </Filter>
    <Filter Include="Resource Files\Config\Graphics Settings">
      <UniqueIdentifier>{d92b21fb-35f7-4495-b08d-d2994b0b7c81}</UniqueIdentifier>
    </Filter>
    <Filter Include="Source Files\Base Classes">
      <UniqueIdentifier>{5d891dcb-192b-4845-be62-882b48694faf}</UniqueIdentifier>
    </Filter>
    <Filter Include="Source Files\States">
      <UniqueIdentifier>{1f62300b-26ff-4a57-8ed0-a9d15990e3f9}</UniqueIdentifier>
    </Filter>
    <Filter Include="Source Files\GUI">
      <UniqueIdentifier>{54cc2a89-0da7-4f46-8589-9a3de3a04ca2}</UniqueIdentifier>
    </Filter>
    <Filter Include="Resource Files\Config\Active Element IDs">
      <UniqueIdentifier>{07d4c190-ec2f-4116-86cd-6edeb1c4e358}</UniqueIdentifier>
    </Filter>
    <Filter Include="Resource Files\Config\Key Binds">
      <UniqueIdentifier>{ff2ce886-3ee7-4d4e-a4fe-4f6cf2820d8c}</UniqueIdentifier>
    </Filter>
    <Filter Include="Resource Files\Config\Key Binds\Main Menu">
      <UniqueIdentifier>{e9e5a65d-4337-4679-acf9-9eefe6129af0}</UniqueIdentifier>
    </Filter>
    <Filter Include="Resource Files\Config\Key Binds\Settings">
      <UniqueIdentifier>{ecb3bd0c-cafb-458d-8907-2ab78f1fb593}</UniqueIdentifier>
    </Filter>
    <Filter Include="Source Files\Tile Map">
      <UniqueIdentifier>{ebf378c5-c2e8-4f0a-a1ec-efdf91b7dc96}</UniqueIdentifier>
    </Filter>
    <Filter Include="Resource Files\Config\Texture Selector Data">
      <UniqueIdentifier>{11eb2f3b-c08e-44fb-8efd-f2b04a087af5}</UniqueIdentifier>
    </Filter>
    <Filter Include="Resource Files\Config\Key Binds\Editor">
      <UniqueIdentifier>{591ba89a-7e81-4e16-b5e2-a2b936843aaf}</UniqueIdentifier>
    </Filter>
    <Filter Include="Resource Files\Config\Tile Map">
      <UniqueIdentifier>{a02d5d73-ea2e-4a58-952b-587dfa1f1414}</UniqueIdentifier>
    </Filter>
    <Filter Include="Source Files\Pause Menu">
      <UniqueIdentifier>{2774aa1c-aceb-4ab5-9f31-6495c893744f}</UniqueIdentifier>
    </Filter>
  </ItemGroup>
  <ItemGroup>
    <ClInclude Include="Header.h">
      <Filter>Header Files</Filter>
    </ClInclude>
    <ClInclude Include="Game.h">
      <Filter>Source Files\Game</Filter>
    </ClInclude>
    <ClInclude Include="GraphicsSettings.h">
      <Filter>Source Files\Graphics Settings</Filter>
    </ClInclude>
    <ClInclude Include="State.h">
      <Filter>Source Files\Base Classes</Filter>
    </ClInclude>
    <ClInclude Include="MainMenu.h">
      <Filter>Source Files\States</Filter>
    </ClInclude>
    <ClInclude Include="GUI.h">
      <Filter>Source Files\GUI</Filter>
    </ClInclude>
    <ClInclude Include="Settings.h">
      <Filter>Source Files\States</Filter>
    </ClInclude>
    <ClInclude Include="TileMap.h">
      <Filter>Source Files\Tile Map</Filter>
    </ClInclude>
    <ClInclude Include="Editor.h">
      <Filter>Source Files\States</Filter>
    </ClInclude>
    <ClInclude Include="PauseMenu.h">
      <Filter>Source Files\Pause Menu</Filter>
    </ClInclude>
  </ItemGroup>
  <ItemGroup>
    <ClCompile Include="Header.cpp">
      <Filter>Header Files</Filter>
    </ClCompile>
    <ClCompile Include="Main.cpp">
      <Filter>Source Files\Main</Filter>
    </ClCompile>
    <ClCompile Include="Game.cpp">
      <Filter>Source Files\Game</Filter>
    </ClCompile>
    <ClCompile Include="GraphicsSettings.cpp">
      <Filter>Source Files\Graphics Settings</Filter>
    </ClCompile>
    <ClCompile Include="State.cpp">
      <Filter>Source Files\Base Classes</Filter>
    </ClCompile>
    <ClCompile Include="MainMenu.cpp">
      <Filter>Source Files\States</Filter>
    </ClCompile>
    <ClCompile Include="GUI.cpp">
      <Filter>Source Files\GUI</Filter>
    </ClCompile>
    <ClCompile Include="Settings.cpp">
      <Filter>Source Files\States</Filter>
    </ClCompile>
    <ClCompile Include="TileMap.cpp">
      <Filter>Source Files\Tile Map</Filter>
    </ClCompile>
    <ClCompile Include="Editor.cpp">
      <Filter>Source Files\States</Filter>
    </ClCompile>
    <ClCompile Include="PauseMenu.cpp">
      <Filter>Source Files\Pause Menu</Filter>
    </ClCompile>
  </ItemGroup>
  <ItemGroup>
    <None Include="Config\graphics_settings.ini">
      <Filter>Resource Files\Config\Graphics Settings</Filter>
    </None>
    <None Include="Config\supported_keys.ini">
      <Filter>Resource Files\Config\Supported Keys</Filter>
    </None>
    <None Include="Config\active_element_id.ini">
      <Filter>Resource Files\Config\Active Element IDs</Filter>
    </None>
    <None Include="Config\main_menu_key_binds.ini">
      <Filter>Resource Files\Config\Key Binds\Main Menu</Filter>
    </None>
    <None Include="Config\settings_key_binds.ini">
      <Filter>Resource Files\Config\Key Binds\Settings</Filter>
    </None>
    <None Include="Config\texture_selector_data.ini">
      <Filter>Resource Files\Config\Texture Selector Data</Filter>
    </None>
    <None Include="Config\editor_keybinds.ini">
      <Filter>Resource Files\Config\Key Binds\Editor</Filter>
    </None>
    <None Include="Config\tile_map.ini">
      <Filter>Resource Files\Config\Tile Map</Filter>
    </None>
  </ItemGroup>
</Project>